<?xml version="1.0" encoding="utf-8"?>
<Project ToolsVersion="4.0" xmlns="http://schemas.microsoft.com/developer/msbuild/2003">
  <ItemGroup>
    <Filter Include="Source Files">
      <UniqueIdentifier>{4FC737F1-C7A5-4376-A066-2A32D752A2FF}</UniqueIdentifier>
      <Extensions>cpp;c;cc;cxx;def;odl;idl;hpj;bat;asm;asmx</Extensions>
    </Filter>
    <Filter Include="Source Files\include">
      <UniqueIdentifier>{93f6c48a-9115-4752-95ba-9d321c31150c}</UniqueIdentifier>
    </Filter>
    <Filter Include="Source Files\src">
      <UniqueIdentifier>{26c96595-fd91-47e7-84fc-40b338fa170a}</UniqueIdentifier>
    </Filter>
  </ItemGroup>
  <ItemGroup>
    <ClInclude Include="include\AsierInho_Prerequisites.h">
      <Filter>Source Files\include</Filter>
    </ClInclude>
    <ClInclude Include="include\AsierInho.h">
      <Filter>Source Files\include</Filter>
    </ClInclude>
    <ClInclude Include="src\COMToolkit2.h">
      <Filter>Source Files\src</Filter>
    </ClInclude>
    <ClInclude Include="include\AsierInho_CWrapper.h">
      <Filter>Source Files\include</Filter>
    </ClInclude>
    <ClInclude Include="src\SerialNumberList.h">
      <Filter>Source Files\src</Filter>
    </ClInclude>
    <ClInclude Include="src\AsierInhoImpl.h">
      <Filter>Source Files\src</Filter>
    </ClInclude>
    <ClInclude Include="src\ParseBoardConfig.h">
      <Filter>Source Files\src</Filter>
    </ClInclude>
  </ItemGroup>
  <ItemGroup>
    <ClCompile Include="src\COMToolkit2.cpp">
      <Filter>Source Files\src</Filter>
    </ClCompile>
    <ClCompile Include="src\AsierInho_CWrapper.cpp">
      <Filter>Source Files\src</Filter>
    </ClCompile>
    <ClCompile Include="src\AsierInho.cpp">
      <Filter>Source Files\src</Filter>
    </ClCompile>
    <ClCompile Include="src\AsierInhoImpl.cpp">
      <Filter>Source Files\src</Filter>
    </ClCompile>
  </ItemGroup>
</Project>