<?xml version="1.0" encoding="utf-8"?>
<Project ToolsVersion="4.0" xmlns="http://schemas.microsoft.com/developer/msbuild/2003">
  <ItemGroup>
    <ClCompile Include="..\Helper\TimeFunctions.cpp">
      <Filter>Source Files\Helper</Filter>
    </ClCompile>
    <ClCompile Include="src\AsierInho_V3.cpp">
      <Filter>Source Files\src</Filter>
    </ClCompile>
    <ClCompile Include="src\AsierInho_V3_CWrapper.cpp">
      <Filter>Source Files\src</Filter>
    </ClCompile>
    <ClCompile Include="src\AsierInhoImpl_V3.cpp">
      <Filter>Source Files\src</Filter>
    </ClCompile>
  </ItemGroup>
  <ItemGroup>
    <ClInclude Include="..\AsierInho_DLL\src\ParseBoardConfig.h">
      <Filter>Source Files\src</Filter>
    </ClInclude>
    <ClInclude Include="..\Helper\TimeFunctions.h">
      <Filter>Source Files\Helper</Filter>
    </ClInclude>
    <ClInclude Include="include\AsierInho_V3_Prerequisites.h">
      <Filter>Source Files\include</Filter>
    </ClInclude>
    <ClInclude Include="include\AsierInho_V3_CWrapper.h">
      <Filter>Source Files\include</Filter>
    </ClInclude>
    <ClInclude Include="include\AsierInho_V3.h">
      <Filter>Source Files\include</Filter>
    </ClInclude>
    <ClInclude Include="src\AsierInhoImpl_V3.h">
      <Filter>Source Files\src</Filter>
    </ClInclude>
  </ItemGroup>
  <ItemGroup>
    <Filter Include="Source Files">
      <UniqueIdentifier>{b0fbbb04-51d5-460c-a86c-de55817aba03}</UniqueIdentifier>
    </Filter>
    <Filter Include="Source Files\include">
      <UniqueIdentifier>{0da9cbeb-6834-4775-bac6-b6b479b1ee38}</UniqueIdentifier>
    </Filter>
    <Filter Include="Source Files\src">
      <UniqueIdentifier>{23164d81-2db9-4f60-8dcc-66b0477b848e}</UniqueIdentifier>
    </Filter>
    <Filter Include="Source Files\Helper">
      <UniqueIdentifier>{134910fe-3c3c-4599-bcda-976ae1bbeda2}</UniqueIdentifier>
    </Filter>
  </ItemGroup>
</Project>